Microsoft Visual Studio Solution File, Format Version 9.00
# Visual Studio 2005
Project("{8BC9CEB8-8B4A-11D0-8D11-00A0C91BC942}") = "system", "system\system_osg.vcproj", "{3808EE9D-CE3E-4ACF-9219-42C8EAA32E89}"
	ProjectSection(ProjectDependencies) = postProject
		{32A2597E-D89F-421F-B940-103A3EEBCC23} = {32A2597E-D89F-421F-B940-103A3EEBCC23}
		{CB9451FD-1E11-480B-8D01-D925BC3BD4DD} = {CB9451FD-1E11-480B-8D01-D925BC3BD4DD}
		{2683BBB3-5C78-4450-A0A7-CF07E8B139B5} = {2683BBB3-5C78-4450-A0A7-CF07E8B139B5}
		{4F4CD304-37FB-4129-A6D0-D9CAAB4E9E9A} = {4F4CD304-37FB-4129-A6D0-D9CAAB4E9E9A}
		{54AF95B1-185C-422E-B506-E499CE55A7C5} = {54AF95B1-185C-422E-B506-E499CE55A7C5}
		{41F3A722-C094-42C5-85F2-B1E0B9C93CAB} = {41F3A722-C094-42C5-85F2-B1E0B9C93CAB}
		{B7B4683B-A087-4BEC-9276-B8444FEAB601} = {B7B4683B-A087-4BEC-9276-B8444FEAB601}
		{93CC3F66-D7FC-40D4-9E28-1403EEB11EB7} = {93CC3F66-D7FC-40D4-9E28-1403EEB11EB7}
	EndProjectSection
EndProject
Project("{8BC9CEB8-8B4A-11D0-8D11-00A0C91BC942}") = "graphics", "graphics\graphics_osg.vcproj", "{54AF95B1-185C-422E-B506-E499CE55A7C5}"
	ProjectSection(ProjectDependencies) = postProject
		{CB9451FD-1E11-480B-8D01-D925BC3BD4DD} = {CB9451FD-1E11-480B-8D01-D925BC3BD4DD}
		{2683BBB3-5C78-4450-A0A7-CF07E8B139B5} = {2683BBB3-5C78-4450-A0A7-CF07E8B139B5}
	EndProjectSection
EndProject
Project("{8BC9CEB8-8B4A-11D0-8D11-00A0C91BC942}") = "io", "io\io_osg.vcproj", "{41F3A722-C094-42C5-85F2-B1E0B9C93CAB}"
	ProjectSection(ProjectDependencies) = postProject
		{CB9451FD-1E11-480B-8D01-D925BC3BD4DD} = {CB9451FD-1E11-480B-8D01-D925BC3BD4DD}
		{2683BBB3-5C78-4450-A0A7-CF07E8B139B5} = {2683BBB3-5C78-4450-A0A7-CF07E8B139B5}
		{54AF95B1-185C-422E-B506-E499CE55A7C5} = {54AF95B1-185C-422E-B506-E499CE55A7C5}
	EndProjectSection
EndProject
Project("{8BC9CEB8-8B4A-11D0-8D11-00A0C91BC942}") = "util", "util\util_osg.vcproj", "{CB9451FD-1E11-480B-8D01-D925BC3BD4DD}"
EndProject
Project("{8BC9CEB8-8B4A-11D0-8D11-00A0C91BC942}") = "sound", "sound\sound_osg.vcproj", "{93CC3F66-D7FC-40D4-9E28-1403EEB11EB7}"
	ProjectSection(ProjectDependencies) = postProject
		{CB9451FD-1E11-480B-8D01-D925BC3BD4DD} = {CB9451FD-1E11-480B-8D01-D925BC3BD4DD}
		{2683BBB3-5C78-4450-A0A7-CF07E8B139B5} = {2683BBB3-5C78-4450-A0A7-CF07E8B139B5}
		{54AF95B1-185C-422E-B506-E499CE55A7C5} = {54AF95B1-185C-422E-B506-E499CE55A7C5}
	EndProjectSection
EndProject
Project("{8BC9CEB8-8B4A-11D0-8D11-00A0C91BC942}") = "motion", "motion\motion_osg.vcproj", "{B7B4683B-A087-4BEC-9276-B8444FEAB601}"
	ProjectSection(ProjectDependencies) = postProject
		{CB9451FD-1E11-480B-8D01-D925BC3BD4DD} = {CB9451FD-1E11-480B-8D01-D925BC3BD4DD}
		{2683BBB3-5C78-4450-A0A7-CF07E8B139B5} = {2683BBB3-5C78-4450-A0A7-CF07E8B139B5}
		{54AF95B1-185C-422E-B506-E499CE55A7C5} = {54AF95B1-185C-422E-B506-E499CE55A7C5}
		{41F3A722-C094-42C5-85F2-B1E0B9C93CAB} = {41F3A722-C094-42C5-85F2-B1E0B9C93CAB}
		{93CC3F66-D7FC-40D4-9E28-1403EEB11EB7} = {93CC3F66-D7FC-40D4-9E28-1403EEB11EB7}
	EndProjectSection
EndProject
Project("{8BC9CEB8-8B4A-11D0-8D11-00A0C91BC942}") = "avatar", "avatar\avatar_osg.vcproj", "{4F4CD304-37FB-4129-A6D0-D9CAAB4E9E9A}"
	ProjectSection(ProjectDependencies) = postProject
		{CB9451FD-1E11-480B-8D01-D925BC3BD4DD} = {CB9451FD-1E11-480B-8D01-D925BC3BD4DD}
		{2683BBB3-5C78-4450-A0A7-CF07E8B139B5} = {2683BBB3-5C78-4450-A0A7-CF07E8B139B5}
		{54AF95B1-185C-422E-B506-E499CE55A7C5} = {54AF95B1-185C-422E-B506-E499CE55A7C5}
		{41F3A722-C094-42C5-85F2-B1E0B9C93CAB} = {41F3A722-C094-42C5-85F2-B1E0B9C93CAB}
		{B7B4683B-A087-4BEC-9276-B8444FEAB601} = {B7B4683B-A087-4BEC-9276-B8444FEAB601}
		{93CC3F66-D7FC-40D4-9E28-1403EEB11EB7} = {93CC3F66-D7FC-40D4-9E28-1403EEB11EB7}
	EndProjectSection
EndProject
Project("{8BC9CEB8-8B4A-11D0-8D11-00A0C91BC942}") = "llio", "llio\llio_osg.vcproj", "{2683BBB3-5C78-4450-A0A7-CF07E8B139B5}"
	ProjectSection(ProjectDependencies) = postProject
		{CB9451FD-1E11-480B-8D01-D925BC3BD4DD} = {CB9451FD-1E11-480B-8D01-D925BC3BD4DD}
	EndProjectSection
EndProject
Project("{8BC9CEB8-8B4A-11D0-8D11-00A0C91BC942}") = "environment", "environment\environment_osg.vcproj", "{F5059846-CB7D-4FE3-B433-63D6BD581039}"
	ProjectSection(ProjectDependencies) = postProject
		{CB9451FD-1E11-480B-8D01-D925BC3BD4DD} = {CB9451FD-1E11-480B-8D01-D925BC3BD4DD}
		{2683BBB3-5C78-4450-A0A7-CF07E8B139B5} = {2683BBB3-5C78-4450-A0A7-CF07E8B139B5}
		{CB9451FD-1E11-480B-8D01-D925BC3BD4DD} = {CB9451FD-1E11-480B-8D01-D925BC3BD4DD}
		{93CC3F66-D7FC-40D4-9E28-1403EEB11EB7} = {93CC3F66-D7FC-40D4-9E28-1403EEB11EB7}
		{B7B4683B-A087-4BEC-9276-B8444FEAB601} = {B7B4683B-A087-4BEC-9276-B8444FEAB601}
		{2683BBB3-5C78-4450-A0A7-CF07E8B139B5} = {2683BBB3-5C78-4450-A0A7-CF07E8B139B5}
		{41F3A722-C094-42C5-85F2-B1E0B9C93CAB} = {41F3A722-C094-42C5-85F2-B1E0B9C93CAB}
		{54AF95B1-185C-422E-B506-E499CE55A7C5} = {54AF95B1-185C-422E-B506-E499CE55A7C5}
	EndProjectSection
EndProject
Project("{8BC9CEB8-8B4A-11D0-8D11-00A0C91BC942}") = "scent", "scent\scent_osg.vcproj", "{32A2597E-D89F-421F-B940-103A3EEBCC23}"
	ProjectSection(ProjectDependencies) = postProject
		{CB9451FD-1E11-480B-8D01-D925BC3BD4DD} = {CB9451FD-1E11-480B-8D01-D925BC3BD4DD}
		{2683BBB3-5C78-4450-A0A7-CF07E8B139B5} = {2683BBB3-5C78-4450-A0A7-CF07E8B139B5}
		{54AF95B1-185C-422E-B506-E499CE55A7C5} = {54AF95B1-185C-422E-B506-E499CE55A7C5}
		{41F3A722-C094-42C5-85F2-B1E0B9C93CAB} = {41F3A722-C094-42C5-85F2-B1E0B9C93CAB}
	EndProjectSection
EndProject
Project("{8BC9CEB8-8B4A-11D0-8D11-00A0C91BC942}") = "menu", "menu\menu_osg.vcproj", "{5360172A-E465-4A9A-ACE9-3789CA7D4AB9}"
	ProjectSection(ProjectDependencies) = postProject
		{CB9451FD-1E11-480B-8D01-D925BC3BD4DD} = {CB9451FD-1E11-480B-8D01-D925BC3BD4DD}
		{2683BBB3-5C78-4450-A0A7-CF07E8B139B5} = {2683BBB3-5C78-4450-A0A7-CF07E8B139B5}
		{54AF95B1-185C-422E-B506-E499CE55A7C5} = {54AF95B1-185C-422E-B506-E499CE55A7C5}
		{3808EE9D-CE3E-4ACF-9219-42C8EAA32E89} = {3808EE9D-CE3E-4ACF-9219-42C8EAA32E89}
		{32A2597E-D89F-421F-B940-103A3EEBCC23} = {32A2597E-D89F-421F-B940-103A3EEBCC23}
		{93CC3F66-D7FC-40D4-9E28-1403EEB11EB7} = {93CC3F66-D7FC-40D4-9E28-1403EEB11EB7}
		{F5059846-CB7D-4FE3-B433-63D6BD581039} = {F5059846-CB7D-4FE3-B433-63D6BD581039}
		{B7B4683B-A087-4BEC-9276-B8444FEAB601} = {B7B4683B-A087-4BEC-9276-B8444FEAB601}
		{41F3A722-C094-42C5-85F2-B1E0B9C93CAB} = {41F3A722-C094-42C5-85F2-B1E0B9C93CAB}
		{4F4CD304-37FB-4129-A6D0-D9CAAB4E9E9A} = {4F4CD304-37FB-4129-A6D0-D9CAAB4E9E9A}
	EndProjectSection
EndProject
Global
	GlobalSection(SolutionConfigurationPlatforms) = preSolution
		Debug|Win32 = Debug|Win32
		Release|Win32 = Release|Win32
	EndGlobalSection
	GlobalSection(ProjectConfigurationPlatforms) = postSolution
		{3808EE9D-CE3E-4ACF-9219-42C8EAA32E89}.Debug|Win32.ActiveCfg = Debug|Win32
		{3808EE9D-CE3E-4ACF-9219-42C8EAA32E89}.Debug|Win32.Build.0 = Debug|Win32
		{3808EE9D-CE3E-4ACF-9219-42C8EAA32E89}.Release|Win32.ActiveCfg = Release|Win32
		{3808EE9D-CE3E-4ACF-9219-42C8EAA32E89}.Release|Win32.Build.0 = Release|Win32
		{54AF95B1-185C-422E-B506-E499CE55A7C5}.Debug|Win32.ActiveCfg = Debug|Win32
		{54AF95B1-185C-422E-B506-E499CE55A7C5}.Debug|Win32.Build.0 = Debug|Win32
		{54AF95B1-185C-422E-B506-E499CE55A7C5}.Release|Win32.ActiveCfg = Release|Win32
		{54AF95B1-185C-422E-B506-E499CE55A7C5}.Release|Win32.Build.0 = Release|Win32
		{41F3A722-C094-42C5-85F2-B1E0B9C93CAB}.Debug|Win32.ActiveCfg = Debug|Win32
		{41F3A722-C094-42C5-85F2-B1E0B9C93CAB}.Debug|Win32.Build.0 = Debug|Win32
		{41F3A722-C094-42C5-85F2-B1E0B9C93CAB}.Release|Win32.ActiveCfg = Release|Win32
		{41F3A722-C094-42C5-85F2-B1E0B9C93CAB}.Release|Win32.Build.0 = Release|Win32
		{CB9451FD-1E11-480B-8D01-D925BC3BD4DD}.Debug|Win32.ActiveCfg = Debug|Win32
		{CB9451FD-1E11-480B-8D01-D925BC3BD4DD}.Debug|Win32.Build.0 = Debug|Win32
		{CB9451FD-1E11-480B-8D01-D925BC3BD4DD}.Release|Win32.ActiveCfg = Release|Win32
		{CB9451FD-1E11-480B-8D01-D925BC3BD4DD}.Release|Win32.Build.0 = Release|Win32
		{93CC3F66-D7FC-40D4-9E28-1403EEB11EB7}.Debug|Win32.ActiveCfg = Debug|Win32
		{93CC3F66-D7FC-40D4-9E28-1403EEB11EB7}.Debug|Win32.Build.0 = Debug|Win32
		{93CC3F66-D7FC-40D4-9E28-1403EEB11EB7}.Release|Win32.ActiveCfg = Release|Win32
		{93CC3F66-D7FC-40D4-9E28-1403EEB11EB7}.Release|Win32.Build.0 = Release|Win32
		{B7B4683B-A087-4BEC-9276-B8444FEAB601}.Debug|Win32.ActiveCfg = Debug|Win32
		{B7B4683B-A087-4BEC-9276-B8444FEAB601}.Debug|Win32.Build.0 = Debug|Win32
		{B7B4683B-A087-4BEC-9276-B8444FEAB601}.Release|Win32.ActiveCfg = Release|Win32
		{B7B4683B-A087-4BEC-9276-B8444FEAB601}.Release|Win32.Build.0 = Release|Win32
		{4F4CD304-37FB-4129-A6D0-D9CAAB4E9E9A}.Debug|Win32.ActiveCfg = Debug|Win32
		{4F4CD304-37FB-4129-A6D0-D9CAAB4E9E9A}.Debug|Win32.Build.0 = Debug|Win32
		{4F4CD304-37FB-4129-A6D0-D9CAAB4E9E9A}.Release|Win32.ActiveCfg = Release|Win32
		{4F4CD304-37FB-4129-A6D0-D9CAAB4E9E9A}.Release|Win32.Build.0 = Release|Win32
		{2683BBB3-5C78-4450-A0A7-CF07E8B139B5}.Debug|Win32.ActiveCfg = Debug|Win32
		{2683BBB3-5C78-4450-A0A7-CF07E8B139B5}.Debug|Win32.Build.0 = Debug|Win32
		{2683BBB3-5C78-4450-A0A7-CF07E8B139B5}.Release|Win32.ActiveCfg = Release|Win32
		{2683BBB3-5C78-4450-A0A7-CF07E8B139B5}.Release|Win32.Build.0 = Release|Win32
		{F5059846-CB7D-4FE3-B433-63D6BD581039}.Debug|Win32.ActiveCfg = Debug|Win32
		{F5059846-CB7D-4FE3-B433-63D6BD581039}.Debug|Win32.Build.0 = Debug|Win32
		{F5059846-CB7D-4FE3-B433-63D6BD581039}.Release|Win32.ActiveCfg = Release|Win32
		{F5059846-CB7D-4FE3-B433-63D6BD581039}.Release|Win32.Build.0 = Release|Win32
		{32A2597E-D89F-421F-B940-103A3EEBCC23}.Debug|Win32.ActiveCfg = Debug|Win32
		{32A2597E-D89F-421F-B940-103A3EEBCC23}.Debug|Win32.Build.0 = Debug|Win32
		{32A2597E-D89F-421F-B940-103A3EEBCC23}.Release|Win32.ActiveCfg = Release|Win32
		{32A2597E-D89F-421F-B940-103A3EEBCC23}.Release|Win32.Build.0 = Release|Win32
		{5360172A-E465-4A9A-ACE9-3789CA7D4AB9}.Debug|Win32.ActiveCfg = Debug|Win32
		{5360172A-E465-4A9A-ACE9-3789CA7D4AB9}.Debug|Win32.Build.0 = Debug|Win32
		{5360172A-E465-4A9A-ACE9-3789CA7D4AB9}.Release|Win32.ActiveCfg = Release|Win32
		{5360172A-E465-4A9A-ACE9-3789CA7D4AB9}.Release|Win32.Build.0 = Release|Win32
	EndGlobalSection
	GlobalSection(SolutionProperties) = preSolution
		HideSolutionNode = FALSE
	EndGlobalSection
EndGlobal
