Microsoft Visual Studio Solution File, Format Version 7.00
Project("{8BC9CEB8-8B4A-11D0-8D11-00A0C91BC942}") = "system", "system\system_osg.vcproj", "{3808EE9D-CE3E-4ACF-9219-42C8EAA32E89}"
EndProject
Project("{8BC9CEB8-8B4A-11D0-8D11-00A0C91BC942}") = "graphics", "graphics\graphics_osg.vcproj", "{54AF95B1-185C-422E-B506-E499CE55A7C5}"
EndProject
Project("{8BC9CEB8-8B4A-11D0-8D11-00A0C91BC942}") = "io", "io\io_osg.vcproj", "{41F3A722-C094-42C5-85F2-B1E0B9C93CAB}"
EndProject
Project("{8BC9CEB8-8B4A-11D0-8D11-00A0C91BC942}") = "util", "util\util_osg.vcproj", "{CB9451FD-1E11-480B-8D01-D925BC3BD4DD}"
EndProject
Project("{8BC9CEB8-8B4A-11D0-8D11-00A0C91BC942}") = "sound", "sound\sound_osg.vcproj", "{93CC3F66-D7FC-40D4-9E28-1403EEB11EB7}"
EndProject
Project("{8BC9CEB8-8B4A-11D0-8D11-00A0C91BC942}") = "motion", "motion\motion_osg.vcproj", "{B7B4683B-A087-4BEC-9276-B8444FEAB601}"
EndProject
Project("{8BC9CEB8-8B4A-11D0-8D11-00A0C91BC942}") = "avatar", "avatar\avatar_osg.vcproj", "{4F4CD304-37FB-4129-A6D0-D9CAAB4E9E9A}"
EndProject
Project("{8BC9CEB8-8B4A-11D0-8D11-00A0C91BC942}") = "llio", "llio\llio_osg.vcproj", "{2683BBB3-5C78-4450-A0A7-CF07E8B139B5}"
EndProject
Global
	GlobalSection(SolutionConfiguration) = preSolution
		ConfigName.0 = Debug
		ConfigName.1 = Release
	EndGlobalSection
	GlobalSection(ProjectDependencies) = postSolution
		{3808EE9D-CE3E-4ACF-9219-42C8EAA32E89}.0 = {CB9451FD-1E11-480B-8D01-D925BC3BD4DD}
		{3808EE9D-CE3E-4ACF-9219-42C8EAA32E89}.1 = {2683BBB3-5C78-4450-A0A7-CF07E8B139B5}
		{3808EE9D-CE3E-4ACF-9219-42C8EAA32E89}.2 = {4F4CD304-37FB-4129-A6D0-D9CAAB4E9E9A}
		{3808EE9D-CE3E-4ACF-9219-42C8EAA32E89}.3 = {54AF95B1-185C-422E-B506-E499CE55A7C5}
		{3808EE9D-CE3E-4ACF-9219-42C8EAA32E89}.4 = {41F3A722-C094-42C5-85F2-B1E0B9C93CAB}
		{3808EE9D-CE3E-4ACF-9219-42C8EAA32E89}.5 = {B7B4683B-A087-4BEC-9276-B8444FEAB601}
		{3808EE9D-CE3E-4ACF-9219-42C8EAA32E89}.6 = {93CC3F66-D7FC-40D4-9E28-1403EEB11EB7}
		{54AF95B1-185C-422E-B506-E499CE55A7C5}.0 = {CB9451FD-1E11-480B-8D01-D925BC3BD4DD}
		{54AF95B1-185C-422E-B506-E499CE55A7C5}.1 = {2683BBB3-5C78-4450-A0A7-CF07E8B139B5}
		{41F3A722-C094-42C5-85F2-B1E0B9C93CAB}.0 = {CB9451FD-1E11-480B-8D01-D925BC3BD4DD}
		{41F3A722-C094-42C5-85F2-B1E0B9C93CAB}.1 = {2683BBB3-5C78-4450-A0A7-CF07E8B139B5}
		{41F3A722-C094-42C5-85F2-B1E0B9C93CAB}.2 = {54AF95B1-185C-422E-B506-E499CE55A7C5}
		{93CC3F66-D7FC-40D4-9E28-1403EEB11EB7}.0 = {CB9451FD-1E11-480B-8D01-D925BC3BD4DD}
		{93CC3F66-D7FC-40D4-9E28-1403EEB11EB7}.1 = {2683BBB3-5C78-4450-A0A7-CF07E8B139B5}
		{93CC3F66-D7FC-40D4-9E28-1403EEB11EB7}.2 = {54AF95B1-185C-422E-B506-E499CE55A7C5}
		{B7B4683B-A087-4BEC-9276-B8444FEAB601}.0 = {CB9451FD-1E11-480B-8D01-D925BC3BD4DD}
		{B7B4683B-A087-4BEC-9276-B8444FEAB601}.1 = {2683BBB3-5C78-4450-A0A7-CF07E8B139B5}
		{B7B4683B-A087-4BEC-9276-B8444FEAB601}.2 = {54AF95B1-185C-422E-B506-E499CE55A7C5}
		{B7B4683B-A087-4BEC-9276-B8444FEAB601}.3 = {41F3A722-C094-42C5-85F2-B1E0B9C93CAB}
		{B7B4683B-A087-4BEC-9276-B8444FEAB601}.4 = {93CC3F66-D7FC-40D4-9E28-1403EEB11EB7}
		{4F4CD304-37FB-4129-A6D0-D9CAAB4E9E9A}.0 = {CB9451FD-1E11-480B-8D01-D925BC3BD4DD}
		{4F4CD304-37FB-4129-A6D0-D9CAAB4E9E9A}.1 = {2683BBB3-5C78-4450-A0A7-CF07E8B139B5}
		{4F4CD304-37FB-4129-A6D0-D9CAAB4E9E9A}.2 = {54AF95B1-185C-422E-B506-E499CE55A7C5}
		{4F4CD304-37FB-4129-A6D0-D9CAAB4E9E9A}.3 = {41F3A722-C094-42C5-85F2-B1E0B9C93CAB}
		{4F4CD304-37FB-4129-A6D0-D9CAAB4E9E9A}.4 = {B7B4683B-A087-4BEC-9276-B8444FEAB601}
		{4F4CD304-37FB-4129-A6D0-D9CAAB4E9E9A}.5 = {93CC3F66-D7FC-40D4-9E28-1403EEB11EB7}
	EndGlobalSection
	GlobalSection(ProjectConfiguration) = postSolution
		{3808EE9D-CE3E-4ACF-9219-42C8EAA32E89}.Debug.ActiveCfg = Debug|Win32
		{3808EE9D-CE3E-4ACF-9219-42C8EAA32E89}.Debug.Build.0 = Debug|Win32
		{3808EE9D-CE3E-4ACF-9219-42C8EAA32E89}.Release.ActiveCfg = Release|Win32
		{3808EE9D-CE3E-4ACF-9219-42C8EAA32E89}.Release.Build.0 = Release|Win32
		{54AF95B1-185C-422E-B506-E499CE55A7C5}.Debug.ActiveCfg = Debug|Win32
		{54AF95B1-185C-422E-B506-E499CE55A7C5}.Debug.Build.0 = Debug|Win32
		{54AF95B1-185C-422E-B506-E499CE55A7C5}.Release.ActiveCfg = Release|Win32
		{54AF95B1-185C-422E-B506-E499CE55A7C5}.Release.Build.0 = Release|Win32
		{41F3A722-C094-42C5-85F2-B1E0B9C93CAB}.Debug.ActiveCfg = Debug|Win32
		{41F3A722-C094-42C5-85F2-B1E0B9C93CAB}.Debug.Build.0 = Debug|Win32
		{41F3A722-C094-42C5-85F2-B1E0B9C93CAB}.Release.ActiveCfg = Release|Win32
		{41F3A722-C094-42C5-85F2-B1E0B9C93CAB}.Release.Build.0 = Release|Win32
		{CB9451FD-1E11-480B-8D01-D925BC3BD4DD}.Debug.ActiveCfg = Debug|Win32
		{CB9451FD-1E11-480B-8D01-D925BC3BD4DD}.Debug.Build.0 = Debug|Win32
		{CB9451FD-1E11-480B-8D01-D925BC3BD4DD}.Release.ActiveCfg = Release|Win32
		{CB9451FD-1E11-480B-8D01-D925BC3BD4DD}.Release.Build.0 = Release|Win32
		{93CC3F66-D7FC-40D4-9E28-1403EEB11EB7}.Debug.ActiveCfg = Debug|Win32
		{93CC3F66-D7FC-40D4-9E28-1403EEB11EB7}.Debug.Build.0 = Debug|Win32
		{93CC3F66-D7FC-40D4-9E28-1403EEB11EB7}.Release.ActiveCfg = Release|Win32
		{93CC3F66-D7FC-40D4-9E28-1403EEB11EB7}.Release.Build.0 = Release|Win32
		{B7B4683B-A087-4BEC-9276-B8444FEAB601}.Debug.ActiveCfg = Debug|Win32
		{B7B4683B-A087-4BEC-9276-B8444FEAB601}.Debug.Build.0 = Debug|Win32
		{B7B4683B-A087-4BEC-9276-B8444FEAB601}.Release.ActiveCfg = Release|Win32
		{B7B4683B-A087-4BEC-9276-B8444FEAB601}.Release.Build.0 = Release|Win32
		{4F4CD304-37FB-4129-A6D0-D9CAAB4E9E9A}.Debug.ActiveCfg = Debug|Win32
		{4F4CD304-37FB-4129-A6D0-D9CAAB4E9E9A}.Debug.Build.0 = Debug|Win32
		{4F4CD304-37FB-4129-A6D0-D9CAAB4E9E9A}.Release.ActiveCfg = Release|Win32
		{4F4CD304-37FB-4129-A6D0-D9CAAB4E9E9A}.Release.Build.0 = Release|Win32
		{2683BBB3-5C78-4450-A0A7-CF07E8B139B5}.Debug.ActiveCfg = Debug|Win32
		{2683BBB3-5C78-4450-A0A7-CF07E8B139B5}.Debug.Build.0 = Debug|Win32
		{2683BBB3-5C78-4450-A0A7-CF07E8B139B5}.Release.ActiveCfg = Release|Win32
		{2683BBB3-5C78-4450-A0A7-CF07E8B139B5}.Release.Build.0 = Release|Win32
	EndGlobalSection
	GlobalSection(ExtensibilityGlobals) = postSolution
	EndGlobalSection
	GlobalSection(ExtensibilityAddIns) = postSolution
	EndGlobalSection
EndGlobal
